
Microsoft Visual Studio Solution File, Format Version 12.00
# Visual Studio Version 16
VisualStudioVersion = 16.0.29215.179
MinimumVisualStudioVersion = 10.0.40219.1
Project("{FAE04EC0-301F-11D3-BF4B-00C04F79EFBC}") = "WindowsFormsApp1", "WindowsFormsApp1\WindowsFormsApp1.csproj", "{51D9B327-61EC-4438-9CE8-B853CE41F9DB}"
EndProject
Global
	GlobalSection(SolutionConfigurationPlatforms) = preSolution
		Debug|Any CPU = Debug|Any CPU
		Release|Any CPU = Release|Any CPU
	EndGlobalSection
	GlobalSection(ProjectConfigurationPlatforms) = postSolution
		{51D9B327-61EC-4438-9CE8-B853CE41F9DB}.Debug|Any CPU.ActiveCfg = Debug|Any CPU
		{51D9B327-61EC-4438-9CE8-B853CE41F9DB}.Debug|Any CPU.Build.0 = Debug|Any CPU
		{51D9B327-61EC-4438-9CE8-B853CE41F9DB}.Release|Any CPU.ActiveCfg = Release|Any CPU
		{51D9B327-61EC-4438-9CE8-B853CE41F9DB}.Release|Any CPU.Build.0 = Release|Any CPU
	EndGlobalSection
	GlobalSection(SolutionProperties) = preSolution
		HideSolutionNode = FALSE
	EndGlobalSection
	GlobalSection(ExtensibilityGlobals) = postSolution
		SolutionGuid = {FA1875DA-350D-4A2C-B909-10FAB6FB490D}
	EndGlobalSection
EndGlobal
